
Microsoft Visual Studio Solution File, Format Version 12.00
# Visual Studio 15
VisualStudioVersion = 15.0.26430.14
MinimumVisualStudioVersion = 10.0.40219.1
Project("{FAE04EC0-301F-11D3-BF4B-00C04F79EFBC}") = "Data", "Data\Data.csproj", "{EC0C2635-242A-44E8-9468-378F3673C7DC}"
EndProject
Project("{FAE04EC0-301F-11D3-BF4B-00C04F79EFBC}") = "DataLayer", "DataLayer\DataLayer.csproj", "{C93096C9-16DE-409D-B2A3-CA2D3C3A5737}"
EndProject
Project("{FAE04EC0-301F-11D3-BF4B-00C04F79EFBC}") = "MasterWebApp", "MasterWebApp\MasterWebApp.csproj", "{1BA14619-4EEE-4213-9AE4-C5A720F11F97}"
EndProject
Global
	GlobalSection(SolutionConfigurationPlatforms) = preSolution
		Debug|Any CPU = Debug|Any CPU
		Release|Any CPU = Release|Any CPU
	EndGlobalSection
	GlobalSection(ProjectConfigurationPlatforms) = postSolution
		{EC0C2635-242A-44E8-9468-378F3673C7DC}.Debug|Any CPU.ActiveCfg = Debug|Any CPU
		{EC0C2635-242A-44E8-9468-378F3673C7DC}.Debug|Any CPU.Build.0 = Debug|Any CPU
		{EC0C2635-242A-44E8-9468-378F3673C7DC}.Release|Any CPU.ActiveCfg = Release|Any CPU
		{EC0C2635-242A-44E8-9468-378F3673C7DC}.Release|Any CPU.Build.0 = Release|Any CPU
		{C93096C9-16DE-409D-B2A3-CA2D3C3A5737}.Debug|Any CPU.ActiveCfg = Debug|Any CPU
		{C93096C9-16DE-409D-B2A3-CA2D3C3A5737}.Debug|Any CPU.Build.0 = Debug|Any CPU
		{C93096C9-16DE-409D-B2A3-CA2D3C3A5737}.Release|Any CPU.ActiveCfg = Release|Any CPU
		{C93096C9-16DE-409D-B2A3-CA2D3C3A5737}.Release|Any CPU.Build.0 = Release|Any CPU
		{1BA14619-4EEE-4213-9AE4-C5A720F11F97}.Debug|Any CPU.ActiveCfg = Debug|Any CPU
		{1BA14619-4EEE-4213-9AE4-C5A720F11F97}.Debug|Any CPU.Build.0 = Debug|Any CPU
		{1BA14619-4EEE-4213-9AE4-C5A720F11F97}.Release|Any CPU.ActiveCfg = Release|Any CPU
		{1BA14619-4EEE-4213-9AE4-C5A720F11F97}.Release|Any CPU.Build.0 = Release|Any CPU
	EndGlobalSection
	GlobalSection(SolutionProperties) = preSolution
		HideSolutionNode = FALSE
	EndGlobalSection
	GlobalSection(ExtensibilityGlobals) = postSolution
		SolutionGuid = {AE865920-82EC-489F-AA09-7E18066A52FB}
	EndGlobalSection
EndGlobal
